
Microsoft Visual Studio Solution File, Format Version 12.00
# Visual Studio 15
VisualStudioVersion = 15.0.28010.2003
MinimumVisualStudioVersion = 10.0.40219.1
Project("{FAE04EC0-301F-11D3-BF4B-00C04F79EFBC}") = "Heartthrob", "Heartthrob\Heartthrob.csproj", "{1FD06CE4-EC95-4F9A-B3BB-9F31AF1106EC}"
EndProject
Global
	GlobalSection(SolutionConfigurationPlatforms) = preSolution
		Debug|Any CPU = Debug|Any CPU
		Release|Any CPU = Release|Any CPU
	EndGlobalSection
	GlobalSection(ProjectConfigurationPlatforms) = postSolution
		{1FD06CE4-EC95-4F9A-B3BB-9F31AF1106EC}.Debug|Any CPU.ActiveCfg = Debug|Any CPU
		{1FD06CE4-EC95-4F9A-B3BB-9F31AF1106EC}.Debug|Any CPU.Build.0 = Debug|Any CPU
		{1FD06CE4-EC95-4F9A-B3BB-9F31AF1106EC}.Release|Any CPU.ActiveCfg = Release|Any CPU
		{1FD06CE4-EC95-4F9A-B3BB-9F31AF1106EC}.Release|Any CPU.Build.0 = Release|Any CPU
	EndGlobalSection
	GlobalSection(SolutionProperties) = preSolution
		HideSolutionNode = FALSE
	EndGlobalSection
	GlobalSection(ExtensibilityGlobals) = postSolution
		SolutionGuid = {D22A5F39-8F0A-48CB-825C-196EED02AEC9}
	EndGlobalSection
EndGlobal
